
Microsoft Visual Studio Solution File, Format Version 12.00
# Visual Studio Version 17
VisualStudioVersion = 17.13.35913.81 d17.13
MinimumVisualStudioVersion = 10.0.40219.1
Project("{FAE04EC0-301F-11D3-BF4B-00C04F79EFBC}") = "DMMLibrary", "DMMLibrary.csproj", "{800D310A-F4F8-41A4-B685-603A4F199DCE}"
EndProject
Global
	GlobalSection(SolutionConfigurationPlatforms) = preSolution
		Debug|Any CPU = Debug|Any CPU
		Release|Any CPU = Release|Any CPU
	EndGlobalSection
	GlobalSection(ProjectConfigurationPlatforms) = postSolution
		{800D310A-F4F8-41A4-B685-603A4F199DCE}.Debug|Any CPU.ActiveCfg = Debug|Any CPU
		{800D310A-F4F8-41A4-B685-603A4F199DCE}.Debug|Any CPU.Build.0 = Debug|Any CPU
		{800D310A-F4F8-41A4-B685-603A4F199DCE}.Release|Any CPU.ActiveCfg = Release|Any CPU
		{800D310A-F4F8-41A4-B685-603A4F199DCE}.Release|Any CPU.Build.0 = Release|Any CPU
	EndGlobalSection
	GlobalSection(SolutionProperties) = preSolution
		HideSolutionNode = FALSE
	EndGlobalSection
	GlobalSection(ExtensibilityGlobals) = postSolution
		SolutionGuid = {7B5B1093-D3AC-4028-BAA5-1E8772170A90}
	EndGlobalSection
EndGlobal
